
Microsoft Visual Studio Solution File, Format Version 12.00
# Visual Studio Version 17
VisualStudioVersion = 17.5.002.0
MinimumVisualStudioVersion = 10.0.40219.1
Project("{9A19103F-16F7-4668-BE54-9A1E7A4F7556}") = "StaffTesting", "StaffTesting.csproj", "{63BE0DD0-89C0-4CD8-889E-6A23CE63A8B2}"
EndProject
Global
	GlobalSection(SolutionConfigurationPlatforms) = preSolution
		Debug|Any CPU = Debug|Any CPU
		Release|Any CPU = Release|Any CPU
	EndGlobalSection
	GlobalSection(ProjectConfigurationPlatforms) = postSolution
		{63BE0DD0-89C0-4CD8-889E-6A23CE63A8B2}.Debug|Any CPU.ActiveCfg = Debug|Any CPU
		{63BE0DD0-89C0-4CD8-889E-6A23CE63A8B2}.Debug|Any CPU.Build.0 = Debug|Any CPU
		{63BE0DD0-89C0-4CD8-889E-6A23CE63A8B2}.Release|Any CPU.ActiveCfg = Release|Any CPU
		{63BE0DD0-89C0-4CD8-889E-6A23CE63A8B2}.Release|Any CPU.Build.0 = Release|Any CPU
	EndGlobalSection
	GlobalSection(SolutionProperties) = preSolution
		HideSolutionNode = FALSE
	EndGlobalSection
	GlobalSection(ExtensibilityGlobals) = postSolution
		SolutionGuid = {C7BEAE9C-D04E-463A-970C-55A881C9E9D5}
	EndGlobalSection
EndGlobal
