
Microsoft Visual Studio Solution File, Format Version 12.00
# Visual Studio Version 17
VisualStudioVersion = 17.5.002.0
MinimumVisualStudioVersion = 10.0.40219.1
Project("{9A19103F-16F7-4668-BE54-9A1E7A4F7556}") = "StaffServices", "StaffServices.csproj", "{46F80639-2FF8-42C8-B57D-7516F72E27A4}"
EndProject
Global
	GlobalSection(SolutionConfigurationPlatforms) = preSolution
		Debug|Any CPU = Debug|Any CPU
		Release|Any CPU = Release|Any CPU
	EndGlobalSection
	GlobalSection(ProjectConfigurationPlatforms) = postSolution
		{46F80639-2FF8-42C8-B57D-7516F72E27A4}.Debug|Any CPU.ActiveCfg = Debug|Any CPU
		{46F80639-2FF8-42C8-B57D-7516F72E27A4}.Debug|Any CPU.Build.0 = Debug|Any CPU
		{46F80639-2FF8-42C8-B57D-7516F72E27A4}.Release|Any CPU.ActiveCfg = Release|Any CPU
		{46F80639-2FF8-42C8-B57D-7516F72E27A4}.Release|Any CPU.Build.0 = Release|Any CPU
	EndGlobalSection
	GlobalSection(SolutionProperties) = preSolution
		HideSolutionNode = FALSE
	EndGlobalSection
	GlobalSection(ExtensibilityGlobals) = postSolution
		SolutionGuid = {FE776ECC-7444-4DD2-943F-BB1E04049852}
	EndGlobalSection
EndGlobal
